
Microsoft Visual Studio Solution File, Format Version 12.00
# Visual Studio Version 17
VisualStudioVersion = 17.6.33723.286
MinimumVisualStudioVersion = 10.0.40219.1
Project("{FAE04EC0-301F-11D3-BF4B-00C04F79EFBC}") = "AllBasicsOfC#", "AllBasicsOfC#\AllBasicsOfC#.csproj", "{42CE2696-112F-4502-99D8-D16B4BE2CB9A}"
EndProject
Global
	GlobalSection(SolutionConfigurationPlatforms) = preSolution
		Debug|Any CPU = Debug|Any CPU
		Release|Any CPU = Release|Any CPU
	EndGlobalSection
	GlobalSection(ProjectConfigurationPlatforms) = postSolution
		{42CE2696-112F-4502-99D8-D16B4BE2CB9A}.Debug|Any CPU.ActiveCfg = Debug|Any CPU
		{42CE2696-112F-4502-99D8-D16B4BE2CB9A}.Debug|Any CPU.Build.0 = Debug|Any CPU
		{42CE2696-112F-4502-99D8-D16B4BE2CB9A}.Release|Any CPU.ActiveCfg = Release|Any CPU
		{42CE2696-112F-4502-99D8-D16B4BE2CB9A}.Release|Any CPU.Build.0 = Release|Any CPU
	EndGlobalSection
	GlobalSection(SolutionProperties) = preSolution
		HideSolutionNode = FALSE
	EndGlobalSection
	GlobalSection(ExtensibilityGlobals) = postSolution
		SolutionGuid = {C4E9FC0F-3BD0-4C74-A9F0-63AF2F555098}
	EndGlobalSection
EndGlobal
